#MicroXplorer Configuration settings - do not modify
Dma.FMPI2C1_RX.0.Direction=DMA_PERIPH_TO_MEMORY
Dma.FMPI2C1_RX.0.FIFOMode=DMA_FIFOMODE_DISABLE
Dma.FMPI2C1_RX.0.Instance=DMA1_Stream0
Dma.FMPI2C1_RX.0.MemDataAlignment=DMA_MDATAALIGN_BYTE
Dma.FMPI2C1_RX.0.MemInc=DMA_MINC_ENABLE
Dma.FMPI2C1_RX.0.Mode=DMA_NORMAL
Dma.FMPI2C1_RX.0.PeriphDataAlignment=DMA_PDATAALIGN_BYTE
Dma.FMPI2C1_RX.0.PeriphInc=DMA_PINC_DISABLE
Dma.FMPI2C1_RX.0.Priority=DMA_PRIORITY_LOW
Dma.FMPI2C1_RX.0.RequestParameters=Instance,Direction,PeriphInc,MemInc,PeriphDataAlignment,MemDataAlignment,Mode,Priority,FIFOMode
Dma.FMPI2C1_TX.1.Direction=DMA_MEMORY_TO_PERIPH
Dma.FMPI2C1_TX.1.FIFOMode=DMA_FIFOMODE_DISABLE
Dma.FMPI2C1_TX.1.Instance=DMA1_Stream1
Dma.FMPI2C1_TX.1.MemDataAlignment=DMA_MDATAALIGN_BYTE
Dma.FMPI2C1_TX.1.MemInc=DMA_MINC_ENABLE
Dma.FMPI2C1_TX.1.Mode=DMA_NORMAL
Dma.FMPI2C1_TX.1.PeriphDataAlignment=DMA_PDATAALIGN_BYTE
Dma.FMPI2C1_TX.1.PeriphInc=DMA_PINC_DISABLE
Dma.FMPI2C1_TX.1.Priority=DMA_PRIORITY_LOW
Dma.FMPI2C1_TX.1.RequestParameters=Instance,Direction,PeriphInc,MemInc,PeriphDataAlignment,MemDataAlignment,Mode,Priority,FIFOMode
Dma.I2C1_RX.2.Direction=DMA_PERIPH_TO_MEMORY
Dma.I2C1_RX.2.FIFOMode=DMA_FIFOMODE_DISABLE
Dma.I2C1_RX.2.Instance=DMA1_Stream5
Dma.I2C1_RX.2.MemDataAlignment=DMA_MDATAALIGN_BYTE
Dma.I2C1_RX.2.MemInc=DMA_MINC_ENABLE
Dma.I2C1_RX.2.Mode=DMA_NORMAL
Dma.I2C1_RX.2.PeriphDataAlignment=DMA_PDATAALIGN_BYTE
Dma.I2C1_RX.2.PeriphInc=DMA_PINC_DISABLE
Dma.I2C1_RX.2.Priority=DMA_PRIORITY_LOW
Dma.I2C1_RX.2.RequestParameters=Instance,Direction,PeriphInc,MemInc,PeriphDataAlignment,MemDataAlignment,Mode,Priority,FIFOMode
Dma.I2C1_TX.3.Direction=DMA_MEMORY_TO_PERIPH
Dma.I2C1_TX.3.FIFOMode=DMA_FIFOMODE_DISABLE
Dma.I2C1_TX.3.Instance=DMA1_Stream6
Dma.I2C1_TX.3.MemDataAlignment=DMA_MDATAALIGN_BYTE
Dma.I2C1_TX.3.MemInc=DMA_MINC_ENABLE
Dma.I2C1_TX.3.Mode=DMA_NORMAL
Dma.I2C1_TX.3.PeriphDataAlignment=DMA_PDATAALIGN_BYTE
Dma.I2C1_TX.3.PeriphInc=DMA_PINC_DISABLE
Dma.I2C1_TX.3.Priority=DMA_PRIORITY_LOW
Dma.I2C1_TX.3.RequestParameters=Instance,Direction,PeriphInc,MemInc,PeriphDataAlignment,MemDataAlignment,Mode,Priority,FIFOMode
Dma.I2C2_RX.6.Direction=DMA_PERIPH_TO_MEMORY
Dma.I2C2_RX.6.FIFOMode=DMA_FIFOMODE_DISABLE
Dma.I2C2_RX.6.Instance=DMA1_Stream3
Dma.I2C2_RX.6.MemDataAlignment=DMA_MDATAALIGN_BYTE
Dma.I2C2_RX.6.MemInc=DMA_MINC_ENABLE
Dma.I2C2_RX.6.Mode=DMA_NORMAL
Dma.I2C2_RX.6.PeriphDataAlignment=DMA_PDATAALIGN_BYTE
Dma.I2C2_RX.6.PeriphInc=DMA_PINC_DISABLE
Dma.I2C2_RX.6.Priority=DMA_PRIORITY_LOW
Dma.I2C2_RX.6.RequestParameters=Instance,Direction,PeriphInc,MemInc,PeriphDataAlignment,MemDataAlignment,Mode,Priority,FIFOMode
Dma.I2C2_TX.7.Direction=DMA_MEMORY_TO_PERIPH
Dma.I2C2_TX.7.FIFOMode=DMA_FIFOMODE_DISABLE
Dma.I2C2_TX.7.Instance=DMA1_Stream7
Dma.I2C2_TX.7.MemDataAlignment=DMA_MDATAALIGN_BYTE
Dma.I2C2_TX.7.MemInc=DMA_MINC_ENABLE
Dma.I2C2_TX.7.Mode=DMA_NORMAL
Dma.I2C2_TX.7.PeriphDataAlignment=DMA_PDATAALIGN_BYTE
Dma.I2C2_TX.7.PeriphInc=DMA_PINC_DISABLE
Dma.I2C2_TX.7.Priority=DMA_PRIORITY_LOW
Dma.I2C2_TX.7.RequestParameters=Instance,Direction,PeriphInc,MemInc,PeriphDataAlignment,MemDataAlignment,Mode,Priority,FIFOMode
Dma.I2C3_RX.4.Direction=DMA_PERIPH_TO_MEMORY
Dma.I2C3_RX.4.FIFOMode=DMA_FIFOMODE_DISABLE
Dma.I2C3_RX.4.Instance=DMA1_Stream2
Dma.I2C3_RX.4.MemDataAlignment=DMA_MDATAALIGN_BYTE
Dma.I2C3_RX.4.MemInc=DMA_MINC_ENABLE
Dma.I2C3_RX.4.Mode=DMA_NORMAL
Dma.I2C3_RX.4.PeriphDataAlignment=DMA_PDATAALIGN_BYTE
Dma.I2C3_RX.4.PeriphInc=DMA_PINC_DISABLE
Dma.I2C3_RX.4.Priority=DMA_PRIORITY_LOW
Dma.I2C3_RX.4.RequestParameters=Instance,Direction,PeriphInc,MemInc,PeriphDataAlignment,MemDataAlignment,Mode,Priority,FIFOMode
Dma.I2C3_TX.5.Direction=DMA_MEMORY_TO_PERIPH
Dma.I2C3_TX.5.FIFOMode=DMA_FIFOMODE_DISABLE
Dma.I2C3_TX.5.Instance=DMA1_Stream4
Dma.I2C3_TX.5.MemDataAlignment=DMA_MDATAALIGN_BYTE
Dma.I2C3_TX.5.MemInc=DMA_MINC_ENABLE
Dma.I2C3_TX.5.Mode=DMA_NORMAL
Dma.I2C3_TX.5.PeriphDataAlignment=DMA_PDATAALIGN_BYTE
Dma.I2C3_TX.5.PeriphInc=DMA_PINC_DISABLE
Dma.I2C3_TX.5.Priority=DMA_PRIORITY_LOW
Dma.I2C3_TX.5.RequestParameters=Instance,Direction,PeriphInc,MemInc,PeriphDataAlignment,MemDataAlignment,Mode,Priority,FIFOMode
Dma.Request0=FMPI2C1_RX
Dma.Request1=FMPI2C1_TX
Dma.Request2=I2C1_RX
Dma.Request3=I2C1_TX
Dma.Request4=I2C3_RX
Dma.Request5=I2C3_TX
Dma.Request6=I2C2_RX
Dma.Request7=I2C2_TX
Dma.RequestsNb=8
FMPI2C1.FMPI2C_Speed_Mode=FMPI2C_Fast
FMPI2C1.IPParameters=Timing,FMPI2C_Speed_Mode,Speed
FMPI2C1.Speed=200
FMPI2C1.Timing=0x004019D6
File.Version=6
I2C1.ClockSpeed=200000
I2C1.I2C_Mode=I2C_Fast
I2C1.IPParameters=I2C_Mode,ClockSpeed
I2C2.ClockSpeed=200000
I2C2.I2C_Mode=I2C_Fast
I2C2.IPParameters=I2C_Mode,ClockSpeed
I2C3.ClockSpeed=200000
I2C3.I2C_Mode=I2C_Fast
I2C3.IPParameters=I2C_Mode,ClockSpeed
KeepUserPlacement=true
Mcu.Family=STM32F4
Mcu.IP0=DMA
Mcu.IP1=FMPI2C1
Mcu.IP10=USB_OTG_FS
Mcu.IP2=I2C1
Mcu.IP3=I2C2
Mcu.IP4=I2C3
Mcu.IP5=NVIC
Mcu.IP6=RCC
Mcu.IP7=SYS
Mcu.IP8=TIM2
Mcu.IP9=USB_DEVICE
Mcu.IPNb=11
Mcu.Name=STM32F412Z(E-G)Tx
Mcu.Package=LQFP144
Mcu.Pin0=PC13
Mcu.Pin1=PC14-OSC32_IN
Mcu.Pin10=PD8
Mcu.Pin11=PD9
Mcu.Pin12=PG6
Mcu.Pin13=PG7
Mcu.Pin14=PC9
Mcu.Pin15=PA8
Mcu.Pin16=PA9
Mcu.Pin17=PA10
Mcu.Pin18=PA11
Mcu.Pin19=PA12
Mcu.Pin2=PC15-OSC32_OUT
Mcu.Pin20=PA13
Mcu.Pin21=PA14
Mcu.Pin22=PB3
Mcu.Pin23=PB6
Mcu.Pin24=PB7
Mcu.Pin25=PB9
Mcu.Pin26=VP_SYS_VS_Systick
Mcu.Pin27=VP_TIM2_VS_ClockSourceINT
Mcu.Pin28=VP_USB_DEVICE_VS_USB_DEVICE_CDC_FS
Mcu.Pin3=PF0
Mcu.Pin4=PF1
Mcu.Pin5=PH0 - OSC_IN
Mcu.Pin6=PH1 - OSC_OUT
Mcu.Pin7=PF14
Mcu.Pin8=PF15
Mcu.Pin9=PB14
Mcu.PinsNb=29
Mcu.UserConstants=
Mcu.UserName=STM32F412ZGTx
MxCube.Version=4.15.1
MxDb.Version=DB.4.0.151
NVIC.BusFault_IRQn=true\:0\:0\:false\:false\:false
NVIC.DMA1_Stream0_IRQn=true\:0\:0\:false\:false\:true
NVIC.DMA1_Stream1_IRQn=true\:0\:0\:false\:false\:true
NVIC.DMA1_Stream2_IRQn=true\:0\:0\:false\:false\:true
NVIC.DMA1_Stream3_IRQn=true\:0\:0\:false\:false\:true
NVIC.DMA1_Stream4_IRQn=true\:0\:0\:false\:false\:true
NVIC.DMA1_Stream5_IRQn=true\:0\:0\:false\:false\:true
NVIC.DMA1_Stream6_IRQn=true\:0\:0\:false\:false\:true
NVIC.DMA1_Stream7_IRQn=true\:0\:0\:false\:false\:true
NVIC.DebugMonitor_IRQn=true\:0\:0\:false\:false\:false
NVIC.EXTI15_10_IRQn=true\:0\:0\:false\:false\:true
NVIC.FMPI2C1_ER_IRQn=true\:0\:0\:false\:false\:true
NVIC.FMPI2C1_EV_IRQn=true\:0\:0\:false\:false\:true
NVIC.HardFault_IRQn=true\:0\:0\:false\:false\:false
NVIC.I2C1_ER_IRQn=true\:0\:0\:false\:false\:true
NVIC.I2C1_EV_IRQn=true\:0\:0\:false\:false\:true
NVIC.I2C2_ER_IRQn=true\:0\:0\:false\:false\:true
NVIC.I2C2_EV_IRQn=true\:0\:0\:false\:false\:true
NVIC.I2C3_ER_IRQn=true\:0\:0\:false\:false\:true
NVIC.I2C3_EV_IRQn=true\:0\:0\:false\:false\:true
NVIC.MemoryManagement_IRQn=true\:0\:0\:false\:false\:false
NVIC.NonMaskableInt_IRQn=true\:0\:0\:false\:false\:false
NVIC.OTG_FS_IRQn=true\:0\:0\:false\:false\:true
NVIC.PendSV_IRQn=true\:0\:0\:false\:false\:false
NVIC.PriorityGroup=NVIC_PRIORITYGROUP_4
NVIC.SVCall_IRQn=true\:0\:0\:false\:false\:false
NVIC.SysTick_IRQn=true\:0\:0\:false\:false\:true
NVIC.TIM2_IRQn=true\:0\:0\:false\:false\:true
NVIC.UsageFault_IRQn=true\:0\:0\:false\:false\:false
PA10.GPIOParameters=GPIO_Label
PA10.GPIO_Label=USB_ID
PA10.Locked=true
PA10.Signal=USB_OTG_FS_ID
PA11.GPIOParameters=GPIO_Label
PA11.GPIO_Label=USB_DM
PA11.Locked=true
PA11.Mode=Device_Only
PA11.Signal=USB_OTG_FS_DM
PA12.GPIOParameters=GPIO_Label
PA12.GPIO_Label=USB_DP
PA12.Locked=true
PA12.Mode=Device_Only
PA12.Signal=USB_OTG_FS_DP
PA13.GPIOParameters=GPIO_Label
PA13.GPIO_Label=TMS
PA13.Locked=true
PA13.Mode=Trace_Asynchronous_SW
PA13.Signal=SYS_JTMS-SWDIO
PA14.GPIOParameters=GPIO_Label
PA14.GPIO_Label=TCK
PA14.Locked=true
PA14.Mode=Trace_Asynchronous_SW
PA14.Signal=SYS_JTCK-SWCLK
PA8.Locked=true
PA8.Mode=I2C
PA8.Signal=I2C3_SCL
PA9.GPIOParameters=GPIO_Label
PA9.GPIO_Label=USB_VBUS
PA9.Locked=true
PA9.Signal=USB_OTG_FS_VBUS
PB14.GPIOParameters=GPIO_Label
PB14.GPIO_Label=LD3 [Red]
PB14.Locked=true
PB14.Signal=GPIO_Output
PB3.GPIOParameters=GPIO_Label
PB3.GPIO_Label=SWO
PB3.Locked=true
PB3.Mode=Trace_Asynchronous_SW
PB3.Signal=SYS_JTDO-SWO
PB6.Mode=I2C
PB6.Signal=I2C1_SCL
PB7.GPIOParameters=GPIO_Label
PB7.GPIO_Label=LD2 [Blue]
PB7.Locked=true
PB7.Signal=GPIO_Output
PB9.Mode=I2C
PB9.Signal=I2C1_SDA
PC13.GPIOParameters=GPIO_Label
PC13.GPIO_Label=ClothDetectPin
PC13.Locked=true
PC13.Signal=GPXTI13
PC14-OSC32_IN.Locked=true
PC14-OSC32_IN.Signal=RCC_OSC32_IN
PC15-OSC32_OUT.Locked=true
PC15-OSC32_OUT.Signal=RCC_OSC32_OUT
PC9.Mode=I2C
PC9.Signal=I2C3_SDA
PCC.Checker=false
PCC.Line=STM32F412
PCC.MCU=STM32F412Z(E-G)Tx
PCC.MXVersion=4.15.1
PCC.PartNumber=STM32F412ZGTx
PCC.Seq0=0
PCC.Series=STM32F4
PCC.Temperature=25
PCC.Vdd=null
PD8.GPIOParameters=GPIO_Label
PD8.GPIO_Label=STLK_RX [STM32F103CBT6_PA3]
PD8.Locked=true
PD8.Signal=USART3_TX
PD9.GPIOParameters=GPIO_Label
PD9.GPIO_Label=STLK_TX [STM32F103CBT6_PA2]
PD9.Locked=true
PD9.Signal=USART3_RX
PF0.Mode=I2C
PF0.Signal=I2C2_SDA
PF1.Mode=I2C
PF1.Signal=I2C2_SCL
PF14.Mode=I2C
PF14.Signal=FMPI2C1_SCL
PF15.Mode=I2C
PF15.Signal=FMPI2C1_SDA
PG6.GPIOParameters=GPIO_Label
PG6.GPIO_Label=USB_PowerSwitchOn [STMPS2151STR_EN]
PG6.Locked=true
PG6.Signal=GPIO_Output
PG7.GPIOParameters=GPIO_Label
PG7.GPIO_Label=USB_OverCurrent [STMPS2151STR_FAULT]
PG7.Locked=true
PG7.Signal=GPIO_Input
PH0\ -\ OSC_IN.GPIOParameters=GPIO_Label
PH0\ -\ OSC_IN.GPIO_Label=MCO
PH0\ -\ OSC_IN.Locked=true
PH0\ -\ OSC_IN.Mode=HSE-External-Oscillator
PH0\ -\ OSC_IN.Signal=RCC_OSC_IN
PH1\ -\ OSC_OUT.Locked=true
PH1\ -\ OSC_OUT.Mode=HSE-External-Oscillator
PH1\ -\ OSC_OUT.Signal=RCC_OSC_OUT
ProjectManager.AskForMigrate=true
ProjectManager.BackupPrevious=false
ProjectManager.CompilerOptimize=2
ProjectManager.ComputerToolchain=false
ProjectManager.CoupleFile=false
ProjectManager.DeletePrevious=true
ProjectManager.DeviceId=STM32F412ZGTx
ProjectManager.FirmwarePackage=STM32Cube FW_F4 V1.12.0
ProjectManager.FreePins=false
ProjectManager.HalAssertFull=false
ProjectManager.HeapSize=0x500
ProjectManager.KeepUserCode=true
ProjectManager.LastFirmware=true
ProjectManager.LibraryCopy=0
ProjectManager.PreviousToolchain=
ProjectManager.ProjectBuild=false
ProjectManager.ProjectFileName=Sensor Hub.ioc
ProjectManager.ProjectName=Sensor Hub
ProjectManager.StackSize=0x1500
ProjectManager.TargetToolchain=MDK-ARM V5
ProjectManager.ToolChainLocation=C\:\\Users\\bmw\\Desktop\\Sensor Hub
ProjectManager.UnderRoot=false
ProjectManager.functionlistsort=1-MX_GPIO_Init-GPIO-false,2-MX_DMA_Init-DMA-false,3-MX_TIM2_Init-TIM2-false,4-MX_USB_DEVICE_Init-USB_DEVICE-false,5-MX_FMPI2C1_Init-FMPI2C1-false,6-MX_I2C1_Init-I2C1-false,7-MX_I2C2_Init-I2C2-false,8-MX_I2C3_Init-I2C3-false
RCC.48MHZClocksFreq_Value=24000000
RCC.ADC12outputFreq_Value=72000000
RCC.ADC34outputFreq_Value=72000000
RCC.AHBFreq_Value=100000000
RCC.APB1CLKDivider=RCC_HCLK_DIV2
RCC.APB1Freq_Value=50000000
RCC.APB1TimFreq_Value=100000000
RCC.APB2Freq_Value=100000000
RCC.APB2TimFreq_Value=100000000
RCC.CortexFreq_Value=100000000
RCC.DFSDMAudioFreq_Value=96000000
RCC.DFSDMFreq_Value=100000000
RCC.EthernetFreq_Value=8000000
RCC.FCLKCortexFreq_Value=100000000
RCC.FMPI2C1Freq_Value=50000000
RCC.FamilyName=M
RCC.HCLKFreq_Value=100000000
RCC.HSE_VALUE=8000000
RCC.HSI_VALUE=8000000
RCC.I2C1Freq_Value=8000000
RCC.I2C2Freq_Value=8000000
RCC.I2C3Freq_Value=8000000
RCC.I2S1Freq_Value=96000000
RCC.I2S2Freq_Value=96000000
RCC.I2SClocksFreq_Value=48000000
RCC.IPParameters=48MHZClocksFreq_Value,ADC12outputFreq_Value,ADC34outputFreq_Value,AHBFreq_Value,APB1CLKDivider,APB1Freq_Value,APB1TimFreq_Value,APB2Freq_Value,APB2TimFreq_Value,CortexFreq_Value,DFSDMAudioFreq_Value,DFSDMFreq_Value,EthernetFreq_Value,FCLKCortexFreq_Value,FMPI2C1Freq_Value,FamilyName,HCLKFreq_Value,HSE_VALUE,HSI_VALUE,I2C1Freq_Value,I2C2Freq_Value,I2C3Freq_Value,I2S1Freq_Value,I2S2Freq_Value,I2SClocksFreq_Value,LSI_VALUE,MCO1PinFreq_Value,MCO2PinFreq_Value,MCOFreq_Value,PLLCLKFreq_Value,PLLI2SM,PLLI2SPCLKFreq_Value,PLLI2SQ,PLLI2SQCLKFreq_Value,PLLI2SQoutputFreq_Value,PLLI2SRCLKFreq_Value,PLLI2SoutputFreq_Value,PLLM,PLLMCOFreq_Value,PLLMUL,PLLN,PLLQ,PLLQCLKFreq_Value,PLLQoutputFreq_Value,PLLRCLKFreq_Value,PLLRoutputFreq_Value,PRESCALERUSB,PWRFreq_Value,RNGFreq_Value,RTCFreq_Value,RTCHSEDivFreq_Value,SDIOFreq_Value,SYSCLKFreq_VALUE,SYSCLKSource,SYSCLKSourceVirtual,TIM15Freq_Value,TIM16Freq_Value,TIM17Freq_Value,TIM1Freq_Value,TIM20Freq_Value,TIM2Freq_Value,TIM3Freq_Value,TIM8Freq_Value,UART4Freq_Value,UART5Freq_Value,USART1Freq_Value,USART2Freq_Value,USART3Freq_Value,USBCLockSelection,USBFreq_Value,VCOI2SInputFreq_Value,VCOI2SOutputFreq_Value,VCOInputFreq_Value,VCOInputMFreq_Value,VCOOutput2Freq_Value,VCOOutputFreq_Value,VcooutputI2S,WatchDogFreq_Value
RCC.LSI_VALUE=40000
RCC.MCO1PinFreq_Value=8000000
RCC.MCO2PinFreq_Value=100000000
RCC.MCOFreq_Value=72000000
RCC.PLLCLKFreq_Value=100000000
RCC.PLLI2SM=8
RCC.PLLI2SPCLKFreq_Value=96000000
RCC.PLLI2SQ=4
RCC.PLLI2SQCLKFreq_Value=48000000
RCC.PLLI2SQoutputFreq_Value=48000000
RCC.PLLI2SRCLKFreq_Value=96000000
RCC.PLLI2SoutputFreq_Value=96000000
RCC.PLLM=8
RCC.PLLMCOFreq_Value=72000000
RCC.PLLMUL=RCC_PLL_MUL9
RCC.PLLN=200
RCC.PLLQ=7
RCC.PLLQCLKFreq_Value=28571428.57142857
RCC.PLLQoutputFreq_Value=28571428.57142857
RCC.PLLRCLKFreq_Value=100000000
RCC.PLLRoutputFreq_Value=100000000
RCC.PRESCALERUSB=RCC_USBCLKSOURCE_PLL_DIV1_5
RCC.PWRFreq_Value=100000000
RCC.RNGFreq_Value=48000000
RCC.RTCFreq_Value=40000
RCC.RTCHSEDivFreq_Value=4000000
RCC.SDIOFreq_Value=48000000
RCC.SYSCLKFreq_VALUE=100000000
RCC.SYSCLKSource=RCC_SYSCLKSOURCE_PLLCLK
RCC.SYSCLKSourceVirtual=RCC_SYSCLKSOURCE_PLLCLK
RCC.TIM15Freq_Value=72000000
RCC.TIM16Freq_Value=72000000
RCC.TIM17Freq_Value=72000000
RCC.TIM1Freq_Value=72000000
RCC.TIM20Freq_Value=72000000
RCC.TIM2Freq_Value=72000000
RCC.TIM3Freq_Value=72000000
RCC.TIM8Freq_Value=72000000
RCC.UART4Freq_Value=36000000
RCC.UART5Freq_Value=36000000
RCC.USART1Freq_Value=72000000
RCC.USART2Freq_Value=36000000
RCC.USART3Freq_Value=36000000
RCC.USBCLockSelection=RCC_CLK48CLKSOURCE_PLLI2SQ
RCC.USBFreq_Value=48000000
RCC.VCOI2SInputFreq_Value=1000000
RCC.VCOI2SOutputFreq_Value=192000000
RCC.VCOInputFreq_Value=1000000
RCC.VCOInputMFreq_Value=500000
RCC.VCOOutput2Freq_Value=8000000
RCC.VCOOutputFreq_Value=200000000
RCC.VcooutputI2S=48000000
RCC.WatchDogFreq_Value=40000
SH.GPXTI13.0=GPIO_EXTI13
SH.GPXTI13.ConfNb=1
TIM2.IPParameters=Prescaler,Period
TIM2.Period=9
TIM2.Prescaler=9999
USB_DEVICE.CLASS_NAME_FS=CDC
USB_DEVICE.IPParameters=VirtualMode,VirtualModeFS,USBD_HandleTypeDef,CLASS_NAME_FS
USB_DEVICE.USBD_HandleTypeDef=hUsbDeviceFS
USB_DEVICE.VirtualMode=Cdc
USB_DEVICE.VirtualModeFS=Cdc_FS
USB_OTG_FS.IPParameters=VirtualMode
USB_OTG_FS.VirtualMode=Device_Only
VP_SYS_VS_Systick.Mode=SysTick
VP_SYS_VS_Systick.Signal=SYS_VS_Systick
VP_TIM2_VS_ClockSourceINT.Mode=Internal
VP_TIM2_VS_ClockSourceINT.Signal=TIM2_VS_ClockSourceINT
VP_USB_DEVICE_VS_USB_DEVICE_CDC_FS.Mode=CDC_FS
VP_USB_DEVICE_VS_USB_DEVICE_CDC_FS.Signal=USB_DEVICE_VS_USB_DEVICE_CDC_FS
board=NUCLEO-F412ZG
boardIOC=true
